
Microsoft Visual Studio Solution File, Format Version 12.00
# Visual Studio Version 17
VisualStudioVersion = 17.10.35004.147
MinimumVisualStudioVersion = 10.0.40219.1
Project("{FAE04EC0-301F-11D3-BF4B-00C04F79EFBC}") = "LinqExcercise", "LinqExcercise\LinqExcercise.csproj", "{7D587F9D-11F7-42A8-88A4-E0B4DFB8F343}"
EndProject
Global
	GlobalSection(SolutionConfigurationPlatforms) = preSolution
		Debug|Any CPU = Debug|Any CPU
		Release|Any CPU = Release|Any CPU
	EndGlobalSection
	GlobalSection(ProjectConfigurationPlatforms) = postSolution
		{7D587F9D-11F7-42A8-88A4-E0B4DFB8F343}.Debug|Any CPU.ActiveCfg = Debug|Any CPU
		{7D587F9D-11F7-42A8-88A4-E0B4DFB8F343}.Debug|Any CPU.Build.0 = Debug|Any CPU
		{7D587F9D-11F7-42A8-88A4-E0B4DFB8F343}.Release|Any CPU.ActiveCfg = Release|Any CPU
		{7D587F9D-11F7-42A8-88A4-E0B4DFB8F343}.Release|Any CPU.Build.0 = Release|Any CPU
	EndGlobalSection
	GlobalSection(SolutionProperties) = preSolution
		HideSolutionNode = FALSE
	EndGlobalSection
	GlobalSection(ExtensibilityGlobals) = postSolution
		SolutionGuid = {87E538B4-C2D6-4167-8608-1AF1633F42B3}
	EndGlobalSection
EndGlobal
